// !$*UTF8*$!
{
	archiveVersion = 1;
	classes = {
	};
	objectVersion = 48;
	objects = {

/* Begin PBXBuildFile section */
		F50AD6691F8E1A8200B99591 /* QueryService.swift in Sources */ = {isa = PBXBuildFile; fileRef = F50AD6681F8E1A8200B99591 /* QueryService.swift */; };
		F5A5034F1F8CF52500FDA53D /* AppDelegate.swift in Sources */ = {isa = PBXBuildFile; fileRef = F5A5034E1F8CF52500FDA53D /* AppDelegate.swift */; };
		F5A503511F8CF52500FDA53D /* SearchViewController.swift in Sources */ = {isa = PBXBuildFile; fileRef = F5A503501F8CF52500FDA53D /* SearchViewController.swift */; };
		F5A503531F8CF52500FDA53D /* Assets.xcassets in Resources */ = {isa = PBXBuildFile; fileRef = F5A503521F8CF52500FDA53D /* Assets.xcassets */; };
		F5A503561F8CF52500FDA53D /* Main.storyboard in Resources */ = {isa = PBXBuildFile; fileRef = F5A503541F8CF52500FDA53D /* Main.storyboard */; };
		F5A503601F8CF83C00FDA53D /* Track.swift in Sources */ = {isa = PBXBuildFile; fileRef = F5A5035E1F8CF83C00FDA53D /* Track.swift */; };
/* End PBXBuildFile section */

/* Begin PBXFileReference section */
		F50AD6681F8E1A8200B99591 /* QueryService.swift */ = {isa = PBXFileReference; lastKnownFileType = sourcecode.swift; path = QueryService.swift; sourceTree = "<group>"; };
		F50AD66A1F8E258800B99591 /* SearchAppStore.entitlements */ = {isa = PBXFileReference; lastKnownFileType = text.plist.entitlements; path = SearchAppStore.entitlements; sourceTree = "<group>"; };
		F5A5034B1F8CF52500FDA53D /* Search iTunes Store.app */ = {isa = PBXFileReference; explicitFileType = wrapper.application; includeInIndex = 0; path = "Search iTunes Store.app"; sourceTree = BUILT_PRODUCTS_DIR; };
		F5A5034E1F8CF52500FDA53D /* AppDelegate.swift */ = {isa = PBXFileReference; lastKnownFileType = sourcecode.swift; path = AppDelegate.swift; sourceTree = "<group>"; };
		F5A503501F8CF52500FDA53D /* SearchViewController.swift */ = {isa = PBXFileReference; lastKnownFileType = sourcecode.swift; path = SearchViewController.swift; sourceTree = "<group>"; };
		F5A503521F8CF52500FDA53D /* Assets.xcassets */ = {isa = PBXFileReference; lastKnownFileType = folder.assetcatalog; path = Assets.xcassets; sourceTree = "<group>"; };
		F5A503551F8CF52500FDA53D /* Base */ = {isa = PBXFileReference; lastKnownFileType = file.storyboard; name = Base; path = Base.lproj/Main.storyboard; sourceTree = "<group>"; };
		F5A503571F8CF52500FDA53D /* Info.plist */ = {isa = PBXFileReference; lastKnownFileType = text.plist.xml; path = Info.plist; sourceTree = "<group>"; };
		F5A5035E1F8CF83C00FDA53D /* Track.swift */ = {isa = PBXFileReference; lastKnownFileType = sourcecode.swift; path = Track.swift; sourceTree = "<group>"; };
/* End PBXFileReference section */

/* Begin PBXFrameworksBuildPhase section */
		F5A503481F8CF52500FDA53D /* Frameworks */ = {
			isa = PBXFrameworksBuildPhase;
			buildActionMask = 2147483647;
			files = (
			);
			runOnlyForDeploymentPostprocessing = 0;
		};
/* End PBXFrameworksBuildPhase section */

/* Begin PBXGroup section */
		F5756EE71FA1BBB5008D6EC1 /* Model */ = {
			isa = PBXGroup;
			children = (
				F5A5035E1F8CF83C00FDA53D /* Track.swift */,
			);
			path = Model;
			sourceTree = "<group>";
		};
		F5756EE91FA1BBCD008D6EC1 /* SupportingFiles */ = {
			isa = PBXGroup;
			children = (
				F5A5034E1F8CF52500FDA53D /* AppDelegate.swift */,
			);
			path = SupportingFiles;
			sourceTree = "<group>";
		};
		F5756EEA1FA1BC08008D6EC1 /* Controllers */ = {
			isa = PBXGroup;
			children = (
				F5A503501F8CF52500FDA53D /* SearchViewController.swift */,
			);
			path = Controllers;
			sourceTree = "<group>";
		};
		F5756EEB1FA1BC15008D6EC1 /* ServiceLayer */ = {
			isa = PBXGroup;
			children = (
				F50AD6681F8E1A8200B99591 /* QueryService.swift */,
			);
			path = ServiceLayer;
			sourceTree = "<group>";
		};
		F5756EEC1FA1BC20008D6EC1 /* ViewLayer */ = {
			isa = PBXGroup;
			children = (
				F5A503541F8CF52500FDA53D /* Main.storyboard */,
			);
			path = ViewLayer;
			sourceTree = "<group>";
		};
		F5A503421F8CF52500FDA53D = {
			isa = PBXGroup;
			children = (
				F5A5034D1F8CF52500FDA53D /* SearchAppStore */,
				F5A5034C1F8CF52500FDA53D /* Products */,
			);
			sourceTree = "<group>";
		};
		F5A5034C1F8CF52500FDA53D /* Products */ = {
			isa = PBXGroup;
			children = (
				F5A5034B1F8CF52500FDA53D /* Search iTunes Store.app */,
			);
			name = Products;
			sourceTree = "<group>";
		};
		F5A5034D1F8CF52500FDA53D /* SearchAppStore */ = {
			isa = PBXGroup;
			children = (
				F5A503571F8CF52500FDA53D /* Info.plist */,
				F50AD66A1F8E258800B99591 /* SearchAppStore.entitlements */,
				F5756EEC1FA1BC20008D6EC1 /* ViewLayer */,
				F5756EEB1FA1BC15008D6EC1 /* ServiceLayer */,
				F5756EEA1FA1BC08008D6EC1 /* Controllers */,
				F5756EE91FA1BBCD008D6EC1 /* SupportingFiles */,
				F5756EE71FA1BBB5008D6EC1 /* Model */,
				F5A503521F8CF52500FDA53D /* Assets.xcassets */,
			);
			path = SearchAppStore;
			sourceTree = "<group>";
		};
/* End PBXGroup section */

/* Begin PBXNativeTarget section */
		F5A5034A1F8CF52500FDA53D /* Search iTunes Store */ = {
			isa = PBXNativeTarget;
			buildConfigurationList = F5A5035B1F8CF52500FDA53D /* Build configuration list for PBXNativeTarget "Search iTunes Store" */;
			buildPhases = (
				F5A503471F8CF52500FDA53D /* Sources */,
				F5A503481F8CF52500FDA53D /* Frameworks */,
				F5A503491F8CF52500FDA53D /* Resources */,
			);
			buildRules = (
			);
			dependencies = (
			);
			name = "Search iTunes Store";
			productName = SearchAppStore;
			productReference = F5A5034B1F8CF52500FDA53D /* Search iTunes Store.app */;
			productType = "com.apple.product-type.application";
		};
/* End PBXNativeTarget section */

/* Begin PBXProject section */
		F5A503431F8CF52500FDA53D /* Project object */ = {
			isa = PBXProject;
			attributes = {
				LastSwiftUpdateCheck = 0900;
				LastUpgradeCheck = 0900;
				ORGANIZATIONNAME = "manohara reddy p";
				TargetAttributes = {
					F5A5034A1F8CF52500FDA53D = {
						CreatedOnToolsVersion = 9.0;
						ProvisioningStyle = Automatic;
					};
				};
			};
			buildConfigurationList = F5A503461F8CF52500FDA53D /* Build configuration list for PBXProject "Search iTunes Store" */;
			compatibilityVersion = "Xcode 8.0";
			developmentRegion = en;
			hasScannedForEncodings = 0;
			knownRegions = (
				en,
				Base,
			);
			mainGroup = F5A503421F8CF52500FDA53D;
			productRefGroup = F5A5034C1F8CF52500FDA53D /* Products */;
			projectDirPath = "";
			projectRoot = "";
			targets = (
				F5A5034A1F8CF52500FDA53D /* Search iTunes Store */,
			);
		};
/* End PBXProject section */

/* Begin PBXResourcesBuildPhase section */
		F5A503491F8CF52500FDA53D /* Resources */ = {
			isa = PBXResourcesBuildPhase;
			buildActionMask = 2147483647;
			files = (
				F5A503531F8CF52500FDA53D /* Assets.xcassets in Resources */,
				F5A503561F8CF52500FDA53D /* Main.storyboard in Resources */,
			);
			runOnlyForDeploymentPostprocessing = 0;
		};
/* End PBXResourcesBuildPhase section */

/* Begin PBXSourcesBuildPhase section */
		F5A503471F8CF52500FDA53D /* Sources */ = {
			isa = PBXSourcesBuildPhase;
			buildActionMask = 2147483647;
			files = (
				F5A503511F8CF52500FDA53D /* SearchViewController.swift in Sources */,
				F50AD6691F8E1A8200B99591 /* QueryService.swift in Sources */,
				F5A503601F8CF83C00FDA53D /* Track.swift in Sources */,
				F5A5034F1F8CF52500FDA53D /* AppDelegate.swift in Sources */,
			);
			runOnlyForDeploymentPostprocessing = 0;
		};
/* End PBXSourcesBuildPhase section */

/* Begin PBXVariantGroup section */
		F5A503541F8CF52500FDA53D /* Main.storyboard */ = {
			isa = PBXVariantGroup;
			children = (
				F5A503551F8CF52500FDA53D /* Base */,
			);
			name = Main.storyboard;
			sourceTree = "<group>";
		};
/* End PBXVariantGroup section */

/* Begin XCBuildConfiguration section */
		F5A503591F8CF52500FDA53D /* Debug */ = {
			isa = XCBuildConfiguration;
			buildSettings = {
				ALWAYS_SEARCH_USER_PATHS = NO;
				CLANG_ANALYZER_NONNULL = YES;
				CLANG_ANALYZER_NUMBER_OBJECT_CONVERSION = YES_AGGRESSIVE;
				CLANG_CXX_LANGUAGE_STANDARD = "gnu++14";
				CLANG_CXX_LIBRARY = "libc++";
				CLANG_ENABLE_MODULES = YES;
				CLANG_ENABLE_OBJC_ARC = YES;
				CLANG_WARN_BLOCK_CAPTURE_AUTORELEASING = YES;
				CLANG_WARN_BOOL_CONVERSION = YES;
				CLANG_WARN_COMMA = YES;
				CLANG_WARN_CONSTANT_CONVERSION = YES;
				CLANG_WARN_DIRECT_OBJC_ISA_USAGE = YES_ERROR;
				CLANG_WARN_DOCUMENTATION_COMMENTS = YES;
				CLANG_WARN_EMPTY_BODY = YES;
				CLANG_WARN_ENUM_CONVERSION = YES;
				CLANG_WARN_INFINITE_RECURSION = YES;
				CLANG_WARN_INT_CONVERSION = YES;
				CLANG_WARN_NON_LITERAL_NULL_CONVERSION = YES;
				CLANG_WARN_OBJC_LITERAL_CONVERSION = YES;
				CLANG_WARN_OBJC_ROOT_CLASS = YES_ERROR;
				CLANG_WARN_RANGE_LOOP_ANALYSIS = YES;
				CLANG_WARN_STRICT_PROTOTYPES = YES;
				CLANG_WARN_SUSPICIOUS_MOVE = YES;
				CLANG_WARN_UNGUARDED_AVAILABILITY = YES_AGGRESSIVE;
				CLANG_WARN_UNREACHABLE_CODE = YES;
				CLANG_WARN__DUPLICATE_METHOD_MATCH = YES;
				CODE_SIGN_IDENTITY = "Mac Developer";
				COPY_PHASE_STRIP = NO;
				DEBUG_INFORMATION_FORMAT = dwarf;
				ENABLE_STRICT_OBJC_MSGSEND = YES;
				ENABLE_TESTABILITY = YES;
				GCC_C_LANGUAGE_STANDARD = gnu11;
				GCC_DYNAMIC_NO_PIC = NO;
				GCC_NO_COMMON_BLOCKS = YES;
				GCC_OPTIMIZATION_LEVEL = 0;
				GCC_PREPROCESSOR_DEFINITIONS = (
					"DEBUG=1",
					"$(inherited)",
				);
				GCC_WARN_64_TO_32_BIT_CONVERSION = YES;
				GCC_WARN_ABOUT_RETURN_TYPE = YES_ERROR;
				GCC_WARN_UNDECLARED_SELECTOR = YES;
				GCC_WARN_UNINITIALIZED_AUTOS = YES_AGGRESSIVE;
				GCC_WARN_UNUSED_FUNCTION = YES;
				GCC_WARN_UNUSED_VARIABLE = YES;
				MACOSX_DEPLOYMENT_TARGET = 10.12;
				MTL_ENABLE_DEBUG_INFO = YES;
				ONLY_ACTIVE_ARCH = YES;
				SDKROOT = macosx;
				SWIFT_ACTIVE_COMPILATION_CONDITIONS = DEBUG;
				SWIFT_OPTIMIZATION_LEVEL = "-Onone";
			};
			name = Debug;
		};
		F5A5035A1F8CF52500FDA53D /* Release */ = {
			isa = XCBuildConfiguration;
			buildSettings = {
				ALWAYS_SEARCH_USER_PATHS = NO;
				CLANG_ANALYZER_NONNULL = YES;
				CLANG_ANALYZER_NUMBER_OBJECT_CONVERSION = YES_AGGRESSIVE;
				CLANG_CXX_LANGUAGE_STANDARD = "gnu++14";
				CLANG_CXX_LIBRARY = "libc++";
				CLANG_ENABLE_MODULES = YES;
				CLANG_ENABLE_OBJC_ARC = YES;
				CLANG_WARN_BLOCK_CAPTURE_AUTORELEASING = YES;
				CLANG_WARN_BOOL_CONVERSION = YES;
				CLANG_WARN_COMMA = YES;
				CLANG_WARN_CONSTANT_CONVERSION = YES;
				CLANG_WARN_DIRECT_OBJC_ISA_USAGE = YES_ERROR;
				CLANG_WARN_DOCUMENTATION_COMMENTS = YES;
				CLANG_WARN_EMPTY_BODY = YES;
				CLANG_WARN_ENUM_CONVERSION = YES;
				CLANG_WARN_INFINITE_RECURSION = YES;
				CLANG_WARN_INT_CONVERSION = YES;
				CLANG_WARN_NON_LITERAL_NULL_CONVERSION = YES;
				CLANG_WARN_OBJC_LITERAL_CONVERSION = YES;
				CLANG_WARN_OBJC_ROOT_CLASS = YES_ERROR;
				CLANG_WARN_RANGE_LOOP_ANALYSIS = YES;
				CLANG_WARN_STRICT_PROTOTYPES = YES;
				CLANG_WARN_SUSPICIOUS_MOVE = YES;
				CLANG_WARN_UNGUARDED_AVAILABILITY = YES_AGGRESSIVE;
				CLANG_WARN_UNREACHABLE_CODE = YES;
				CLANG_WARN__DUPLICATE_METHOD_MATCH = YES;
				CODE_SIGN_IDENTITY = "Mac Developer";
				COPY_PHASE_STRIP = NO;
				DEBUG_INFORMATION_FORMAT = "dwarf-with-dsym";
				ENABLE_NS_ASSERTIONS = NO;
				ENABLE_STRICT_OBJC_MSGSEND = YES;
				GCC_C_LANGUAGE_STANDARD = gnu11;
				GCC_NO_COMMON_BLOCKS = YES;
				GCC_WARN_64_TO_32_BIT_CONVERSION = YES;
				GCC_WARN_ABOUT_RETURN_TYPE = YES_ERROR;
				GCC_WARN_UNDECLARED_SELECTOR = YES;
				GCC_WARN_UNINITIALIZED_AUTOS = YES_AGGRESSIVE;
				GCC_WARN_UNUSED_FUNCTION = YES;
				GCC_WARN_UNUSED_VARIABLE = YES;
				MACOSX_DEPLOYMENT_TARGET = 10.12;
				MTL_ENABLE_DEBUG_INFO = NO;
				SDKROOT = macosx;
				SWIFT_OPTIMIZATION_LEVEL = "-Owholemodule";
			};
			name = Release;
		};
		F5A5035C1F8CF52500FDA53D /* Debug */ = {
			isa = XCBuildConfiguration;
			buildSettings = {
				ASSETCATALOG_COMPILER_APPICON_NAME = AppIcon;
				CODE_SIGN_ENTITLEMENTS = SearchAppStore/SearchAppStore.entitlements;
				CODE_SIGN_STYLE = Automatic;
				COMBINE_HIDPI_IMAGES = YES;
				DEVELOPMENT_TEAM = 43L66PNJ7D;
				INFOPLIST_FILE = SearchAppStore/Info.plist;
				LD_RUNPATH_SEARCH_PATHS = "$(inherited) @executable_path/../Frameworks";
				PRODUCT_BUNDLE_IDENTIFIER = com.exilant.com.SearchAppStore;
				PRODUCT_NAME = "$(TARGET_NAME)";
				SWIFT_VERSION = 4.0;
			};
			name = Debug;
		};
		F5A5035D1F8CF52500FDA53D /* Release */ = {
			isa = XCBuildConfiguration;
			buildSettings = {
				ASSETCATALOG_COMPILER_APPICON_NAME = AppIcon;
				CODE_SIGN_ENTITLEMENTS = SearchAppStore/SearchAppStore.entitlements;
				CODE_SIGN_STYLE = Automatic;
				COMBINE_HIDPI_IMAGES = YES;
				DEVELOPMENT_TEAM = 43L66PNJ7D;
				INFOPLIST_FILE = SearchAppStore/Info.plist;
				LD_RUNPATH_SEARCH_PATHS = "$(inherited) @executable_path/../Frameworks";
				PRODUCT_BUNDLE_IDENTIFIER = com.exilant.com.SearchAppStore;
				PRODUCT_NAME = "$(TARGET_NAME)";
				SWIFT_VERSION = 4.0;
			};
			name = Release;
		};
/* End XCBuildConfiguration section */

/* Begin XCConfigurationList section */
		F5A503461F8CF52500FDA53D /* Build configuration list for PBXProject "Search iTunes Store" */ = {
			isa = XCConfigurationList;
			buildConfigurations = (
				F5A503591F8CF52500FDA53D /* Debug */,
				F5A5035A1F8CF52500FDA53D /* Release */,
			);
			defaultConfigurationIsVisible = 0;
			defaultConfigurationName = Release;
		};
		F5A5035B1F8CF52500FDA53D /* Build configuration list for PBXNativeTarget "Search iTunes Store" */ = {
			isa = XCConfigurationList;
			buildConfigurations = (
				F5A5035C1F8CF52500FDA53D /* Debug */,
				F5A5035D1F8CF52500FDA53D /* Release */,
			);
			defaultConfigurationIsVisible = 0;
			defaultConfigurationName = Release;
		};
/* End XCConfigurationList section */
	};
	rootObject = F5A503431F8CF52500FDA53D /* Project object */;
}
